
Microsoft Visual Studio Solution File, Format Version 12.00
# Visual Studio Version 17
VisualStudioVersion = 17.4.33205.214
MinimumVisualStudioVersion = 10.0.40219.1
Project("{FAE04EC0-301F-11D3-BF4B-00C04F79EFBC}") = "Webgentle.BookStore", "Webgentle.BookStore\Webgentle.BookStore.csproj", "{EF6644A8-CDCA-4C26-8F5E-913C08E6D8C6}"
EndProject
Global
	GlobalSection(SolutionConfigurationPlatforms) = preSolution
		Debug|Any CPU = Debug|Any CPU
		Release|Any CPU = Release|Any CPU
	EndGlobalSection
	GlobalSection(ProjectConfigurationPlatforms) = postSolution
		{EF6644A8-CDCA-4C26-8F5E-913C08E6D8C6}.Debug|Any CPU.ActiveCfg = Debug|Any CPU
		{EF6644A8-CDCA-4C26-8F5E-913C08E6D8C6}.Debug|Any CPU.Build.0 = Debug|Any CPU
		{EF6644A8-CDCA-4C26-8F5E-913C08E6D8C6}.Release|Any CPU.ActiveCfg = Release|Any CPU
		{EF6644A8-CDCA-4C26-8F5E-913C08E6D8C6}.Release|Any CPU.Build.0 = Release|Any CPU
	EndGlobalSection
	GlobalSection(SolutionProperties) = preSolution
		HideSolutionNode = FALSE
	EndGlobalSection
	GlobalSection(ExtensibilityGlobals) = postSolution
		SolutionGuid = {9693CD1E-3367-4EFE-905C-3DBE4A92A632}
	EndGlobalSection
EndGlobal
